
Microsoft Visual Studio Solution File, Format Version 11.00
# Visual Studio 2010
Project("{FAE04EC0-301F-11D3-BF4B-00C04F79EFBC}") = "OAuth4Client", "OAuth4Client\OAuth4Client.csproj", "{ADCE5AC5-2945-4C0E-8A19-561E9D33E036}"
EndProject
Global
	GlobalSection(SolutionConfigurationPlatforms) = preSolution
		Debug|Any CPU = Debug|Any CPU
		Release|Any CPU = Release|Any CPU
	EndGlobalSection
	GlobalSection(ProjectConfigurationPlatforms) = postSolution
		{ADCE5AC5-2945-4C0E-8A19-561E9D33E036}.Debug|Any CPU.ActiveCfg = Debug|Any CPU
		{ADCE5AC5-2945-4C0E-8A19-561E9D33E036}.Debug|Any CPU.Build.0 = Debug|Any CPU
		{ADCE5AC5-2945-4C0E-8A19-561E9D33E036}.Release|Any CPU.ActiveCfg = Release|Any CPU
		{ADCE5AC5-2945-4C0E-8A19-561E9D33E036}.Release|Any CPU.Build.0 = Release|Any CPU
	EndGlobalSection
	GlobalSection(SolutionProperties) = preSolution
		HideSolutionNode = FALSE
	EndGlobalSection
EndGlobal
