
Microsoft Visual Studio Solution File, Format Version 10.00
# Visual Studio 2008
Project("{FAE04EC0-301F-11D3-BF4B-00C04F79EFBC}") = "RoleBasedFormAuthentication", "RoleBasedFormAuthentication.csproj", "{B29941D9-5166-459D-8BD5-0C385E97FF3F}"
EndProject
Global
	GlobalSection(SolutionConfigurationPlatforms) = preSolution
		Debug|Any CPU = Debug|Any CPU
		Release|Any CPU = Release|Any CPU
	EndGlobalSection
	GlobalSection(ProjectConfigurationPlatforms) = postSolution
		{B29941D9-5166-459D-8BD5-0C385E97FF3F}.Debug|Any CPU.ActiveCfg = Debug|Any CPU
		{B29941D9-5166-459D-8BD5-0C385E97FF3F}.Debug|Any CPU.Build.0 = Debug|Any CPU
		{B29941D9-5166-459D-8BD5-0C385E97FF3F}.Release|Any CPU.ActiveCfg = Release|Any CPU
		{B29941D9-5166-459D-8BD5-0C385E97FF3F}.Release|Any CPU.Build.0 = Release|Any CPU
	EndGlobalSection
	GlobalSection(SolutionProperties) = preSolution
		HideSolutionNode = FALSE
	EndGlobalSection
EndGlobal
